
Microsoft Visual Studio Solution File, Format Version 12.00
# Visual Studio 15
VisualStudioVersion = 15.0.28010.2050
MinimumVisualStudioVersion = 10.0.40219.1
Project("{FAE04EC0-301F-11D3-BF4B-00C04F79EFBC}") = "stenograpy", "stenograpy\stenograpy.csproj", "{622F2A63-6064-42B5-A5EE-65DBA4CC6272}"
EndProject
Project("{54435603-DBB4-11D2-8724-00A0C9A8B90C}") = "STEGANOGRAPHY SETUP", "STEGANOGRAPHY SETUP\STEGANOGRAPHY SETUP.vdproj", "{4CB45945-E69F-452C-9794-E935A3F66B4C}"
EndProject
Global
	GlobalSection(SolutionConfigurationPlatforms) = preSolution
		Debug|Any CPU = Debug|Any CPU
		Release|Any CPU = Release|Any CPU
	EndGlobalSection
	GlobalSection(ProjectConfigurationPlatforms) = postSolution
		{622F2A63-6064-42B5-A5EE-65DBA4CC6272}.Debug|Any CPU.ActiveCfg = Debug|Any CPU
		{622F2A63-6064-42B5-A5EE-65DBA4CC6272}.Debug|Any CPU.Build.0 = Debug|Any CPU
		{622F2A63-6064-42B5-A5EE-65DBA4CC6272}.Release|Any CPU.ActiveCfg = Release|Any CPU
		{622F2A63-6064-42B5-A5EE-65DBA4CC6272}.Release|Any CPU.Build.0 = Release|Any CPU
		{4CB45945-E69F-452C-9794-E935A3F66B4C}.Debug|Any CPU.ActiveCfg = Debug
		{4CB45945-E69F-452C-9794-E935A3F66B4C}.Release|Any CPU.ActiveCfg = Release
	EndGlobalSection
	GlobalSection(SolutionProperties) = preSolution
		HideSolutionNode = FALSE
	EndGlobalSection
	GlobalSection(ExtensibilityGlobals) = postSolution
		SolutionGuid = {2E0F2CA1-19FA-498F-A3C2-07397C444046}
	EndGlobalSection
EndGlobal
